
Microsoft Visual Studio Solution File, Format Version 12.00
# Visual Studio Version 17
VisualStudioVersion = 17.13.35828.75 d17.13
MinimumVisualStudioVersion = 10.0.40219.1
Project("{FAE04EC0-301F-11D3-BF4B-00C04F79EFBC}") = "practica 15", "practica 15.csproj", "{9135EA81-A833-4075-8726-797EB67DCE45}"
EndProject
Global
	GlobalSection(SolutionConfigurationPlatforms) = preSolution
		Debug|Any CPU = Debug|Any CPU
		Release|Any CPU = Release|Any CPU
	EndGlobalSection
	GlobalSection(ProjectConfigurationPlatforms) = postSolution
		{9135EA81-A833-4075-8726-797EB67DCE45}.Debug|Any CPU.ActiveCfg = Debug|Any CPU
		{9135EA81-A833-4075-8726-797EB67DCE45}.Debug|Any CPU.Build.0 = Debug|Any CPU
		{9135EA81-A833-4075-8726-797EB67DCE45}.Release|Any CPU.ActiveCfg = Release|Any CPU
		{9135EA81-A833-4075-8726-797EB67DCE45}.Release|Any CPU.Build.0 = Release|Any CPU
	EndGlobalSection
	GlobalSection(SolutionProperties) = preSolution
		HideSolutionNode = FALSE
	EndGlobalSection
	GlobalSection(ExtensibilityGlobals) = postSolution
		SolutionGuid = {3ECC97E9-B48F-482B-BB44-05B553748340}
	EndGlobalSection
EndGlobal
