
Microsoft Visual Studio Solution File, Format Version 12.00
# Visual Studio Version 17
VisualStudioVersion = 17.13.35828.75 d17.13
MinimumVisualStudioVersion = 10.0.40219.1
Project("{FAE04EC0-301F-11D3-BF4B-00C04F79EFBC}") = "practica 14", "practica 14.csproj", "{76A02886-B216-4235-B02F-A5C2B37355F6}"
EndProject
Global
	GlobalSection(SolutionConfigurationPlatforms) = preSolution
		Debug|Any CPU = Debug|Any CPU
		Release|Any CPU = Release|Any CPU
	EndGlobalSection
	GlobalSection(ProjectConfigurationPlatforms) = postSolution
		{76A02886-B216-4235-B02F-A5C2B37355F6}.Debug|Any CPU.ActiveCfg = Debug|Any CPU
		{76A02886-B216-4235-B02F-A5C2B37355F6}.Debug|Any CPU.Build.0 = Debug|Any CPU
		{76A02886-B216-4235-B02F-A5C2B37355F6}.Release|Any CPU.ActiveCfg = Release|Any CPU
		{76A02886-B216-4235-B02F-A5C2B37355F6}.Release|Any CPU.Build.0 = Release|Any CPU
	EndGlobalSection
	GlobalSection(SolutionProperties) = preSolution
		HideSolutionNode = FALSE
	EndGlobalSection
	GlobalSection(ExtensibilityGlobals) = postSolution
		SolutionGuid = {A4D25623-D79D-4A01-8832-0D7C5E5E5AF7}
	EndGlobalSection
EndGlobal
