
Microsoft Visual Studio Solution File, Format Version 12.00
# Visual Studio Version 17
VisualStudioVersion = 17.13.35828.75 d17.13
MinimumVisualStudioVersion = 10.0.40219.1
Project("{FAE04EC0-301F-11D3-BF4B-00C04F79EFBC}") = "practica #2", "practica #2.csproj", "{525B11C3-60CA-44ED-ADE2-E0E7EFF464CF}"
EndProject
Global
	GlobalSection(SolutionConfigurationPlatforms) = preSolution
		Debug|Any CPU = Debug|Any CPU
		Release|Any CPU = Release|Any CPU
	EndGlobalSection
	GlobalSection(ProjectConfigurationPlatforms) = postSolution
		{525B11C3-60CA-44ED-ADE2-E0E7EFF464CF}.Debug|Any CPU.ActiveCfg = Debug|Any CPU
		{525B11C3-60CA-44ED-ADE2-E0E7EFF464CF}.Debug|Any CPU.Build.0 = Debug|Any CPU
		{525B11C3-60CA-44ED-ADE2-E0E7EFF464CF}.Release|Any CPU.ActiveCfg = Release|Any CPU
		{525B11C3-60CA-44ED-ADE2-E0E7EFF464CF}.Release|Any CPU.Build.0 = Release|Any CPU
	EndGlobalSection
	GlobalSection(SolutionProperties) = preSolution
		HideSolutionNode = FALSE
	EndGlobalSection
	GlobalSection(ExtensibilityGlobals) = postSolution
		SolutionGuid = {11A2EF84-A742-4D33-98E1-9F7ED9408E38}
	EndGlobalSection
EndGlobal
