
Microsoft Visual Studio Solution File, Format Version 12.00
# Visual Studio Version 17
VisualStudioVersion = 17.13.35828.75 d17.13
MinimumVisualStudioVersion = 10.0.40219.1
Project("{FAE04EC0-301F-11D3-BF4B-00C04F79EFBC}") = "practica 7", "practica 7.csproj", "{64602F7A-2D40-4C3D-88EA-FF96E5B2868E}"
EndProject
Global
	GlobalSection(SolutionConfigurationPlatforms) = preSolution
		Debug|Any CPU = Debug|Any CPU
		Release|Any CPU = Release|Any CPU
	EndGlobalSection
	GlobalSection(ProjectConfigurationPlatforms) = postSolution
		{64602F7A-2D40-4C3D-88EA-FF96E5B2868E}.Debug|Any CPU.ActiveCfg = Debug|Any CPU
		{64602F7A-2D40-4C3D-88EA-FF96E5B2868E}.Debug|Any CPU.Build.0 = Debug|Any CPU
		{64602F7A-2D40-4C3D-88EA-FF96E5B2868E}.Release|Any CPU.ActiveCfg = Release|Any CPU
		{64602F7A-2D40-4C3D-88EA-FF96E5B2868E}.Release|Any CPU.Build.0 = Release|Any CPU
	EndGlobalSection
	GlobalSection(SolutionProperties) = preSolution
		HideSolutionNode = FALSE
	EndGlobalSection
	GlobalSection(ExtensibilityGlobals) = postSolution
		SolutionGuid = {5D1D7DF4-0B47-4200-81FB-E56FA9A3B6D0}
	EndGlobalSection
EndGlobal
