
Microsoft Visual Studio Solution File, Format Version 12.00
# Visual Studio Version 17
VisualStudioVersion = 17.13.35828.75 d17.13
MinimumVisualStudioVersion = 10.0.40219.1
Project("{FAE04EC0-301F-11D3-BF4B-00C04F79EFBC}") = "practica 20", "practica 20.csproj", "{91D8EB6E-057A-418A-8839-A32972852073}"
EndProject
Global
	GlobalSection(SolutionConfigurationPlatforms) = preSolution
		Debug|Any CPU = Debug|Any CPU
		Release|Any CPU = Release|Any CPU
	EndGlobalSection
	GlobalSection(ProjectConfigurationPlatforms) = postSolution
		{91D8EB6E-057A-418A-8839-A32972852073}.Debug|Any CPU.ActiveCfg = Debug|Any CPU
		{91D8EB6E-057A-418A-8839-A32972852073}.Debug|Any CPU.Build.0 = Debug|Any CPU
		{91D8EB6E-057A-418A-8839-A32972852073}.Release|Any CPU.ActiveCfg = Release|Any CPU
		{91D8EB6E-057A-418A-8839-A32972852073}.Release|Any CPU.Build.0 = Release|Any CPU
	EndGlobalSection
	GlobalSection(SolutionProperties) = preSolution
		HideSolutionNode = FALSE
	EndGlobalSection
	GlobalSection(ExtensibilityGlobals) = postSolution
		SolutionGuid = {67EFA775-82B0-4E2D-9867-C25767ECB086}
	EndGlobalSection
EndGlobal
