
Microsoft Visual Studio Solution File, Format Version 12.00
# Visual Studio Version 17
VisualStudioVersion = 17.13.35828.75 d17.13
MinimumVisualStudioVersion = 10.0.40219.1
Project("{FAE04EC0-301F-11D3-BF4B-00C04F79EFBC}") = "practica 11", "practica 11.csproj", "{4F1630DF-AE9D-49E0-8CD8-1F57E7BFB4E3}"
EndProject
Global
	GlobalSection(SolutionConfigurationPlatforms) = preSolution
		Debug|Any CPU = Debug|Any CPU
		Release|Any CPU = Release|Any CPU
	EndGlobalSection
	GlobalSection(ProjectConfigurationPlatforms) = postSolution
		{4F1630DF-AE9D-49E0-8CD8-1F57E7BFB4E3}.Debug|Any CPU.ActiveCfg = Debug|Any CPU
		{4F1630DF-AE9D-49E0-8CD8-1F57E7BFB4E3}.Debug|Any CPU.Build.0 = Debug|Any CPU
		{4F1630DF-AE9D-49E0-8CD8-1F57E7BFB4E3}.Release|Any CPU.ActiveCfg = Release|Any CPU
		{4F1630DF-AE9D-49E0-8CD8-1F57E7BFB4E3}.Release|Any CPU.Build.0 = Release|Any CPU
	EndGlobalSection
	GlobalSection(SolutionProperties) = preSolution
		HideSolutionNode = FALSE
	EndGlobalSection
	GlobalSection(ExtensibilityGlobals) = postSolution
		SolutionGuid = {2097DDC7-C7D9-41BF-AD77-EEAD2963D5BF}
	EndGlobalSection
EndGlobal
