
Microsoft Visual Studio Solution File, Format Version 12.00
# Visual Studio Version 17
VisualStudioVersion = 17.13.35828.75 d17.13
MinimumVisualStudioVersion = 10.0.40219.1
Project("{FAE04EC0-301F-11D3-BF4B-00C04F79EFBC}") = "practica 6", "practica 6.csproj", "{613F17BC-F480-4796-A8CB-77C807E00937}"
EndProject
Global
	GlobalSection(SolutionConfigurationPlatforms) = preSolution
		Debug|Any CPU = Debug|Any CPU
		Release|Any CPU = Release|Any CPU
	EndGlobalSection
	GlobalSection(ProjectConfigurationPlatforms) = postSolution
		{613F17BC-F480-4796-A8CB-77C807E00937}.Debug|Any CPU.ActiveCfg = Debug|Any CPU
		{613F17BC-F480-4796-A8CB-77C807E00937}.Debug|Any CPU.Build.0 = Debug|Any CPU
		{613F17BC-F480-4796-A8CB-77C807E00937}.Release|Any CPU.ActiveCfg = Release|Any CPU
		{613F17BC-F480-4796-A8CB-77C807E00937}.Release|Any CPU.Build.0 = Release|Any CPU
	EndGlobalSection
	GlobalSection(SolutionProperties) = preSolution
		HideSolutionNode = FALSE
	EndGlobalSection
	GlobalSection(ExtensibilityGlobals) = postSolution
		SolutionGuid = {5D06B282-DDEB-4778-B786-E49C9B2D6D44}
	EndGlobalSection
EndGlobal
