
Microsoft Visual Studio Solution File, Format Version 12.00
# Visual Studio Version 17
VisualStudioVersion = 17.13.35828.75 d17.13
MinimumVisualStudioVersion = 10.0.40219.1
Project("{FAE04EC0-301F-11D3-BF4B-00C04F79EFBC}") = "practica 12", "practica 12.csproj", "{756CA4E7-9CFD-4447-94D4-9F279CE61CDF}"
EndProject
Global
	GlobalSection(SolutionConfigurationPlatforms) = preSolution
		Debug|Any CPU = Debug|Any CPU
		Release|Any CPU = Release|Any CPU
	EndGlobalSection
	GlobalSection(ProjectConfigurationPlatforms) = postSolution
		{756CA4E7-9CFD-4447-94D4-9F279CE61CDF}.Debug|Any CPU.ActiveCfg = Debug|Any CPU
		{756CA4E7-9CFD-4447-94D4-9F279CE61CDF}.Debug|Any CPU.Build.0 = Debug|Any CPU
		{756CA4E7-9CFD-4447-94D4-9F279CE61CDF}.Release|Any CPU.ActiveCfg = Release|Any CPU
		{756CA4E7-9CFD-4447-94D4-9F279CE61CDF}.Release|Any CPU.Build.0 = Release|Any CPU
	EndGlobalSection
	GlobalSection(SolutionProperties) = preSolution
		HideSolutionNode = FALSE
	EndGlobalSection
	GlobalSection(ExtensibilityGlobals) = postSolution
		SolutionGuid = {816EAA0C-D57B-48F2-B041-05C2B5AE6702}
	EndGlobalSection
EndGlobal
